{
  "name": "@hashtagchris/use-gpr-npm-package-example",
  "version": "1.0.0",
  "lockfileVersion": 1,
  "requires": true,
  "dependencies": {
    "@codertocat/hello-world-npm": {
      "version": "1.0.1",
      "resolved": "https://npm.pkg.github.com/download/@codertocat/hello-world-npm/1.0.1/42d495e9898e285c46e4e239b2b53bde1dcb060a66e6e8857712a837e24e0110",
      "integrity": "sha512-acS9H0zfimY9u/TzyjHfAjHbP0lVntRxFwUpjvcKvQmc4qQx1IA1S1FB20t67UQ3JENSP/J/Jo8httVeu0gFDg=="
    }
  }
}
